
Microsoft Visual Studio Solution File, Format Version 12.00
# Visual Studio Version 16
VisualStudioVersion = 16.0.31624.102
MinimumVisualStudioVersion = 10.0.40219.1
Project("{FAE04EC0-301F-11D3-BF4B-00C04F79EFBC}") = "Opdracht-3", "Opdracht-3\Opdracht-3.csproj", "{3379F209-ADBF-474B-9987-B99F3DA5B20F}"
EndProject
Global
	GlobalSection(SolutionConfigurationPlatforms) = preSolution
		Debug|Any CPU = Debug|Any CPU
		Release|Any CPU = Release|Any CPU
	EndGlobalSection
	GlobalSection(ProjectConfigurationPlatforms) = postSolution
		{3379F209-ADBF-474B-9987-B99F3DA5B20F}.Debug|Any CPU.ActiveCfg = Debug|Any CPU
		{3379F209-ADBF-474B-9987-B99F3DA5B20F}.Debug|Any CPU.Build.0 = Debug|Any CPU
		{3379F209-ADBF-474B-9987-B99F3DA5B20F}.Release|Any CPU.ActiveCfg = Release|Any CPU
		{3379F209-ADBF-474B-9987-B99F3DA5B20F}.Release|Any CPU.Build.0 = Release|Any CPU
	EndGlobalSection
	GlobalSection(SolutionProperties) = preSolution
		HideSolutionNode = FALSE
	EndGlobalSection
	GlobalSection(ExtensibilityGlobals) = postSolution
		SolutionGuid = {0FD1AB70-C04A-4860-A572-4BFF48485E89}
	EndGlobalSection
EndGlobal
